lockfileVersion: '9.0'

settings:
  autoInstallPeers: true
  excludeLinksFromLockfile: false

importers:

  .:
    dependencies:
      '@influxdata/influxdb-client':
        specifier: ^1.35.0
        version: 1.35.0
      dotenv:
        specifier: ^17.2.3
        version: 17.2.3
    devDependencies:
      '@types/node':
        specifier: ^24.9.1
        version: 24.9.1
      typescript:
        specifier: ^5.9.3
        version: 5.9.3

packages:

  '@influxdata/influxdb-client@1.35.0':
    resolution: {integrity: sha512-woWMi8PDpPQpvTsRaUw4Ig+nOGS/CWwAwS66Fa1Vr/EkW+NEwxI8YfPBsdBMn33jK2Y86/qMiiuX/ROHIkJLTw==}

  '@types/node@24.9.1':
    resolution: {integrity: sha512-QoiaXANRkSXK6p0Duvt56W208du4P9Uye9hWLWgGMDTEoKPhuenzNcC4vGUmrNkiOKTlIrBoyNQYNpSwfEZXSg==}

  dotenv@17.2.3:
    resolution: {integrity: sha512-JVUnt+DUIzu87TABbhPmNfVdBDt18BLOWjMUFJMSi/Qqg7NTYtabbvSNJGOJ7afbRuv9D/lngizHtP7QyLQ+9w==}
    engines: {node: '>=12'}

  typescript@5.9.3:
    resolution: {integrity: sha512-jl1vZzPDinLr9eUt3J/t7V6FgNEw9QjvBPdysz9KfQDD41fQrC2Y4vKQdiaUpFT4bXlb1RHhLpp8wtm6M5TgSw==}
    engines: {node: '>=14.17'}
    hasBin: true

  undici-types@7.16.0:
    resolution: {integrity: sha512-Zz+aZWSj8LE6zoxD+xrjh4VfkIG8Ya6LvYkZqtUQGJPZjYl53ypCaUwWqo7eI0x66KBGeRo+mlBEkMSeSZ38Nw==}

snapshots:

  '@influxdata/influxdb-client@1.35.0': {}

  '@types/node@24.9.1':
    dependencies:
      undici-types: 7.16.0

  dotenv@17.2.3: {}

  typescript@5.9.3: {}

  undici-types@7.16.0: {}
